{
    "version": 3,
    "terraform_version": "0.11.13",
    "serial": 2,
    "lineage": "34644e4a-cb81-8486-61e0-cfd4e4f4e6aa",
    "modules": [
        {
            "path": [
                "root"
            ],
            "outputs": {
                "dynamodb_table_arn": {
                    "sensitive": false,
                    "type": "string",
                    "value": "arn:aws:dynamodb:ap-southeast-1:564310944516:table/programmableproductioncom-dev-shopper-state-lock"
                },
                "dynamodb_table_id": {
                    "sensitive": false,
                    "type": "string",
                    "value": "programmableproductioncom-dev-shopper-state-lock"
                },
                "dynamodb_table_name": {
                    "sensitive": false,
                    "type": "string",
                    "value": "programmableproductioncom-dev-shopper-state-lock"
                },
                "s3_bucket_arn": {
                    "sensitive": false,
                    "type": "string",
                    "value": "arn:aws:s3:::programmableproductioncom-dev-shopper-state"
                },
                "s3_bucket_domain_name": {
                    "sensitive": false,
                    "type": "string",
                    "value": "programmableproductioncom-dev-shopper-state.s3.amazonaws.com"
                },
                "s3_bucket_id": {
                    "sensitive": false,
                    "type": "string",
                    "value": "programmableproductioncom-dev-shopper-state"
                }
            },
            "resources": {},
            "depends_on": []
        },
        {
            "path": [
                "root",
                "terraform_state_backend"
            ],
            "outputs": {
                "dynamodb_table_arn": {
                    "sensitive": false,
                    "type": "string",
                    "value": "arn:aws:dynamodb:ap-southeast-1:564310944516:table/programmableproductioncom-dev-shopper-state-lock"
                },
                "dynamodb_table_id": {
                    "sensitive": false,
                    "type": "string",
                    "value": "programmableproductioncom-dev-shopper-state-lock"
                },
                "dynamodb_table_name": {
                    "sensitive": false,
                    "type": "string",
                    "value": "programmableproductioncom-dev-shopper-state-lock"
                },
                "s3_bucket_arn": {
                    "sensitive": false,
                    "type": "string",
                    "value": "arn:aws:s3:::programmableproductioncom-dev-shopper-state"
                },
                "s3_bucket_domain_name": {
                    "sensitive": false,
                    "type": "string",
                    "value": "programmableproductioncom-dev-shopper-state.s3.amazonaws.com"
                },
                "s3_bucket_id": {
                    "sensitive": false,
                    "type": "string",
                    "value": "programmableproductioncom-dev-shopper-state"
                },
                "terraform_backend_config": {
                    "sensitive": false,
                    "type": "string",
                    "value": "terraform {\n  required_version = \"\u003e= 0.11.3\"\n\n  backend \"s3\" {\n    region         = \"ap-southeast-1\"\n    bucket         = \"programmableproductioncom-dev-shopper-state\"\n    key            = \"terraform.tfstate\"\n    dynamodb_table = \"programmableproductioncom-dev-shopper-state-lock\"\n    profile        = \"\"\n    role_arn       = \"\"\n    encrypt        = \"true\"\n  }\n}\n"
                }
            },
            "resources": {
                "aws_dynamodb_table.with_server_side_encryption": {
                    "type": "aws_dynamodb_table",
                    "depends_on": [
                        "module.dynamodb_table_label"
                    ],
                    "primary": {
                        "id": "programmableproductioncom-dev-shopper-state-lock",
                        "attributes": {
                            "arn": "arn:aws:dynamodb:ap-southeast-1:564310944516:table/programmableproductioncom-dev-shopper-state-lock",
                            "attribute.#": "1",
                            "attribute.2068930648.name": "LockID",
                            "attribute.2068930648.type": "S",
                            "billing_mode": "PROVISIONED",
                            "global_secondary_index.#": "0",
                            "hash_key": "LockID",
                            "id": "programmableproductioncom-dev-shopper-state-lock",
                            "local_secondary_index.#": "0",
                            "name": "programmableproductioncom-dev-shopper-state-lock",
                            "point_in_time_recovery.#": "1",
                            "point_in_time_recovery.0.enabled": "false",
                            "read_capacity": "5",
                            "server_side_encryption.#": "1",
                            "server_side_encryption.0.enabled": "true",
                            "stream_arn": "",
                            "stream_enabled": "false",
                            "stream_label": "",
                            "stream_view_type": "",
                            "tags.%": "3",
                            "tags.Name": "programmableproductioncom-dev-shopper-state-lock",
                            "tags.Namespace": "programmableproductioncom",
                            "tags.Stage": "dev",
                            "ttl.#": "1",
                            "ttl.0.attribute_name": "",
                            "ttl.0.enabled": "false",
                            "write_capacity": "5"
                        },
                        "meta": {
                            "e2bfb730-ecaa-11e6-8f88-34363bc7c4c0": {
                                "create": 600000000000,
                                "delete": 600000000000,
                                "update": 3600000000000
                            },
                            "schema_version": "1"
                        },
                        "tainted": false
                    },
                    "deposed": [],
                    "provider": "provider.aws"
                },
                "aws_s3_bucket.default": {
                    "type": "aws_s3_bucket",
                    "depends_on": [
                        "local.policy",
                        "module.s3_bucket_label"
                    ],
                    "primary": {
                        "id": "programmableproductioncom-dev-shopper-state",
                        "attributes": {
                            "acceleration_status": "",
                            "acl": "private",
                            "arn": "arn:aws:s3:::programmableproductioncom-dev-shopper-state",
                            "bucket": "programmableproductioncom-dev-shopper-state",
                            "bucket_domain_name": "programmableproductioncom-dev-shopper-state.s3.amazonaws.com",
                            "bucket_regional_domain_name": "programmableproductioncom-dev-shopper-state.s3.ap-southeast-1.amazonaws.com",
                            "cors_rule.#": "0",
                            "force_destroy": "false",
                            "hosted_zone_id": "Z3O0J2DXBE1FTB",
                            "id": "programmableproductioncom-dev-shopper-state",
                            "lifecycle_rule.#": "0",
                            "logging.#": "0",
                            "object_lock_configuration.#": "0",
                            "policy": "{\"Statement\":[{\"Action\":\"s3:PutObject\",\"Condition\":{\"StringNotEquals\":{\"s3:x-amz-server-side-encryption\":\"AES256\"}},\"Effect\":\"Deny\",\"Principal\":{\"AWS\":\"*\"},\"Resource\":\"arn:aws:s3:::programmableproductioncom-dev-shopper-state/*\",\"Sid\":\"DenyIncorrectEncryptionHeader\"},{\"Action\":\"s3:PutObject\",\"Condition\":{\"Null\":{\"s3:x-amz-server-side-encryption\":\"true\"}},\"Effect\":\"Deny\",\"Principal\":{\"AWS\":\"*\"},\"Resource\":\"arn:aws:s3:::programmableproductioncom-dev-shopper-state/*\",\"Sid\":\"DenyUnEncryptedObjectUploads\"}],\"Version\":\"2012-10-17\"}",
                            "region": "ap-southeast-1",
                            "replication_configuration.#": "0",
                            "request_payer": "BucketOwner",
                            "server_side_encryption_configuration.#": "1",
                            "server_side_encryption_configuration.0.rule.#": "1",
                            "server_side_encryption_configuration.0.rule.0.apply_server_side_encryption_by_default.#": "1",
                            "server_side_encryption_configuration.0.rule.0.apply_server_side_encryption_by_default.0.kms_master_key_id": "",
                            "server_side_encryption_configuration.0.rule.0.apply_server_side_encryption_by_default.0.sse_algorithm": "AES256",
                            "tags.%": "3",
                            "tags.Name": "programmableproductioncom-dev-shopper-state",
                            "tags.Namespace": "programmableproductioncom",
                            "tags.Stage": "dev",
                            "versioning.#": "1",
                            "versioning.0.enabled": "true",
                            "versioning.0.mfa_delete": "false",
                            "website.#": "0"
                        },
                        "meta": {},
                        "tainted": false
                    },
                    "deposed": [],
                    "provider": "provider.aws"
                },
                "aws_s3_bucket_public_access_block.default": {
                    "type": "aws_s3_bucket_public_access_block",
                    "depends_on": [
                        "aws_s3_bucket.default"
                    ],
                    "primary": {
                        "id": "programmableproductioncom-dev-shopper-state",
                        "attributes": {
                            "block_public_acls": "false",
                            "block_public_policy": "false",
                            "bucket": "programmableproductioncom-dev-shopper-state",
                            "id": "programmableproductioncom-dev-shopper-state",
                            "ignore_public_acls": "false",
                            "restrict_public_buckets": "false"
                        },
                        "meta": {},
                        "tainted": false
                    },
                    "deposed": [],
                    "provider": "provider.aws"
                },
                "data.aws_iam_policy_document.prevent_unencrypted_uploads": {
                    "type": "aws_iam_policy_document",
                    "depends_on": [
                        "local.prevent_unencrypted_uploads",
                        "module.s3_bucket_label"
                    ],
                    "primary": {
                        "id": "1330350796",
                        "attributes": {
                            "id": "1330350796",
                            "json": "{\n  \"Version\": \"2012-10-17\",\n  \"Statement\": [\n    {\n      \"Sid\": \"DenyIncorrectEncryptionHeader\",\n      \"Effect\": \"Deny\",\n      \"Action\": \"s3:PutObject\",\n      \"Resource\": \"arn:aws:s3:::programmableproductioncom-dev-shopper-state/*\",\n      \"Principal\": {\n        \"AWS\": \"*\"\n      },\n      \"Condition\": {\n        \"StringNotEquals\": {\n          \"s3:x-amz-server-side-encryption\": \"AES256\"\n        }\n      }\n    },\n    {\n      \"Sid\": \"DenyUnEncryptedObjectUploads\",\n      \"Effect\": \"Deny\",\n      \"Action\": \"s3:PutObject\",\n      \"Resource\": \"arn:aws:s3:::programmableproductioncom-dev-shopper-state/*\",\n      \"Principal\": {\n        \"AWS\": \"*\"\n      },\n      \"Condition\": {\n        \"Null\": {\n          \"s3:x-amz-server-side-encryption\": \"true\"\n        }\n      }\n    }\n  ]\n}",
                            "statement.#": "2",
                            "statement.0.actions.#": "1",
                            "statement.0.actions.315547055": "s3:PutObject",
                            "statement.0.condition.#": "1",
                            "statement.0.condition.1878995111.test": "StringNotEquals",
                            "statement.0.condition.1878995111.values.#": "1",
                            "statement.0.condition.1878995111.values.530833527": "AES256",
                            "statement.0.condition.1878995111.variable": "s3:x-amz-server-side-encryption",
                            "statement.0.effect": "Deny",
                            "statement.0.not_actions.#": "0",
                            "statement.0.not_principals.#": "0",
                            "statement.0.not_resources.#": "0",
                            "statement.0.principals.#": "1",
                            "statement.0.principals.636693895.identifiers.#": "1",
                            "statement.0.principals.636693895.identifiers.2679715827": "*",
                            "statement.0.principals.636693895.type": "AWS",
                            "statement.0.resources.#": "1",
                            "statement.0.resources.710818534": "arn:aws:s3:::programmableproductioncom-dev-shopper-state/*",
                            "statement.0.sid": "DenyIncorrectEncryptionHeader",
                            "statement.1.actions.#": "1",
                            "statement.1.actions.315547055": "s3:PutObject",
                            "statement.1.condition.#": "1",
                            "statement.1.condition.3673734150.test": "Null",
                            "statement.1.condition.3673734150.values.#": "1",
                            "statement.1.condition.3673734150.values.4043113848": "true",
                            "statement.1.condition.3673734150.variable": "s3:x-amz-server-side-encryption",
                            "statement.1.effect": "Deny",
                            "statement.1.not_actions.#": "0",
                            "statement.1.not_principals.#": "0",
                            "statement.1.not_resources.#": "0",
                            "statement.1.principals.#": "1",
                            "statement.1.principals.636693895.identifiers.#": "1",
                            "statement.1.principals.636693895.identifiers.2679715827": "*",
                            "statement.1.principals.636693895.type": "AWS",
                            "statement.1.resources.#": "1",
                            "statement.1.resources.710818534": "arn:aws:s3:::programmableproductioncom-dev-shopper-state/*",
                            "statement.1.sid": "DenyUnEncryptedObjectUploads",
                            "version": "2012-10-17"
                        },
                        "meta": {},
                        "tainted": false
                    },
                    "deposed": [],
                    "provider": "provider.aws"
                },
                "data.template_file.terraform_backend_config": {
                    "type": "template_file",
                    "depends_on": [
                        "aws_dynamodb_table.with_server_side_encryption.*",
                        "aws_dynamodb_table.without_server_side_encryption.*",
                        "aws_s3_bucket.default"
                    ],
                    "primary": {
                        "id": "57b55d70f3d20136d37b0ca36722ea3166989db688f1d4fedc140196caab15e1",
                        "attributes": {
                            "id": "57b55d70f3d20136d37b0ca36722ea3166989db688f1d4fedc140196caab15e1",
                            "rendered": "terraform {\n  required_version = \"\u003e= 0.11.3\"\n\n  backend \"s3\" {\n    region         = \"ap-southeast-1\"\n    bucket         = \"programmableproductioncom-dev-shopper-state\"\n    key            = \"terraform.tfstate\"\n    dynamodb_table = \"programmableproductioncom-dev-shopper-state-lock\"\n    profile        = \"\"\n    role_arn       = \"\"\n    encrypt        = \"true\"\n  }\n}\n",
                            "template": "terraform {\n  required_version = \"\u003e= ${terraform_version}\"\n\n  backend \"s3\" {\n    region         = \"${region}\"\n    bucket         = \"${bucket}\"\n    key            = \"${terraform_state_file}\"\n    dynamodb_table = \"${dynamodb_table}\"\n    profile        = \"${profile}\"\n    role_arn       = \"${role_arn}\"\n    encrypt        = \"${encrypt}\"\n  }\n}\n",
                            "vars.%": "8",
                            "vars.bucket": "programmableproductioncom-dev-shopper-state",
                            "vars.dynamodb_table": "programmableproductioncom-dev-shopper-state-lock",
                            "vars.encrypt": "true",
                            "vars.profile": "",
                            "vars.region": "ap-southeast-1",
                            "vars.role_arn": "",
                            "vars.terraform_state_file": "terraform.tfstate",
                            "vars.terraform_version": "0.11.3"
                        },
                        "meta": {},
                        "tainted": false
                    },
                    "deposed": [],
                    "provider": "provider.template"
                }
            },
            "depends_on": []
        },
        {
            "path": [
                "root",
                "terraform_state_backend",
                "base_label"
            ],
            "outputs": {
                "attributes": {
                    "sensitive": false,
                    "type": "list",
                    "value": [
                        "state"
                    ]
                },
                "context": {
                    "sensitive": false,
                    "type": "map",
                    "value": {
                        "attributes": [
                            "state"
                        ],
                        "delimiter": [
                            "-"
                        ],
                        "environment": [
                            ""
                        ],
                        "label_order": [
                            "namespace",
                            "environment",
                            "stage",
                            "name",
                            "attributes"
                        ],
                        "name": [
                            "shopper"
                        ],
                        "namespace": [
                            "programmableproductioncom"
                        ],
                        "regex_replace_chars": [
                            "/[^a-zA-Z0-9-]/"
                        ],
                        "stage": [
                            "dev"
                        ],
                        "tags_keys": [
                            "Name",
                            "Namespace",
                            "Stage"
                        ],
                        "tags_values": [
                            "programmableproductioncom-dev-shopper-state",
                            "programmableproductioncom",
                            "dev"
                        ]
                    }
                },
                "delimiter": {
                    "sensitive": false,
                    "type": "string",
                    "value": "-"
                },
                "environment": {
                    "sensitive": false,
                    "type": "string",
                    "value": ""
                },
                "id": {
                    "sensitive": false,
                    "type": "string",
                    "value": "programmableproductioncom-dev-shopper-state"
                },
                "label_order": {
                    "sensitive": false,
                    "type": "list",
                    "value": [
                        "namespace",
                        "environment",
                        "stage",
                        "name",
                        "attributes"
                    ]
                },
                "name": {
                    "sensitive": false,
                    "type": "string",
                    "value": "shopper"
                },
                "namespace": {
                    "sensitive": false,
                    "type": "string",
                    "value": "programmableproductioncom"
                },
                "stage": {
                    "sensitive": false,
                    "type": "string",
                    "value": "dev"
                },
                "tags": {
                    "sensitive": false,
                    "type": "map",
                    "value": {
                        "Name": "programmableproductioncom-dev-shopper-state",
                        "Namespace": "programmableproductioncom",
                        "Stage": "dev"
                    }
                },
                "tags_as_list_of_maps": {
                    "sensitive": false,
                    "type": "list",
                    "value": [
                        {
                            "key": "Name",
                            "value": "programmableproductioncom-dev-shopper-state"
                        },
                        {
                            "key": "Namespace",
                            "value": "programmableproductioncom"
                        },
                        {
                            "key": "Stage",
                            "value": "dev"
                        }
                    ]
                }
            },
            "resources": {
                "data.null_data_source.tags_as_list_of_maps.0": {
                    "type": "null_data_source",
                    "depends_on": [
                        "local.enabled",
                        "local.tags"
                    ],
                    "primary": {
                        "id": "static",
                        "attributes": {
                            "has_computed_default": "default",
                            "id": "static",
                            "inputs.%": "2",
                            "inputs.key": "Name",
                            "inputs.value": "programmableproductioncom-dev-shopper-state",
                            "outputs.%": "2",
                            "outputs.key": "Name",
                            "outputs.value": "programmableproductioncom-dev-shopper-state",
                            "random": "3204288223918258060"
                        },
                        "meta": {},
                        "tainted": false
                    },
                    "deposed": [],
                    "provider": "provider.null"
                },
                "data.null_data_source.tags_as_list_of_maps.1": {
                    "type": "null_data_source",
                    "depends_on": [
                        "local.enabled",
                        "local.tags"
                    ],
                    "primary": {
                        "id": "static",
                        "attributes": {
                            "has_computed_default": "default",
                            "id": "static",
                            "inputs.%": "2",
                            "inputs.key": "Namespace",
                            "inputs.value": "programmableproductioncom",
                            "outputs.%": "2",
                            "outputs.key": "Namespace",
                            "outputs.value": "programmableproductioncom",
                            "random": "5746757628806986757"
                        },
                        "meta": {},
                        "tainted": false
                    },
                    "deposed": [],
                    "provider": "provider.null"
                },
                "data.null_data_source.tags_as_list_of_maps.2": {
                    "type": "null_data_source",
                    "depends_on": [
                        "local.enabled",
                        "local.tags"
                    ],
                    "primary": {
                        "id": "static",
                        "attributes": {
                            "has_computed_default": "default",
                            "id": "static",
                            "inputs.%": "2",
                            "inputs.key": "Stage",
                            "inputs.value": "dev",
                            "outputs.%": "2",
                            "outputs.key": "Stage",
                            "outputs.value": "dev",
                            "random": "3402480986184000146"
                        },
                        "meta": {},
                        "tainted": false
                    },
                    "deposed": [],
                    "provider": "provider.null"
                }
            },
            "depends_on": []
        },
        {
            "path": [
                "root",
                "terraform_state_backend",
                "dynamodb_table_label"
            ],
            "outputs": {
                "attributes": {
                    "sensitive": false,
                    "type": "list",
                    "value": [
                        "state",
                        "lock"
                    ]
                },
                "context": {
                    "sensitive": false,
                    "type": "map",
                    "value": {
                        "attributes": [
                            "state",
                            "lock"
                        ],
                        "delimiter": [
                            "-"
                        ],
                        "environment": [
                            ""
                        ],
                        "label_order": [
                            "namespace",
                            "environment",
                            "stage",
                            "name",
                            "attributes"
                        ],
                        "name": [
                            "shopper"
                        ],
                        "namespace": [
                            "programmableproductioncom"
                        ],
                        "regex_replace_chars": [
                            "/[^a-zA-Z0-9-]/"
                        ],
                        "stage": [
                            "dev"
                        ],
                        "tags_keys": [
                            "Name",
                            "Namespace",
                            "Stage"
                        ],
                        "tags_values": [
                            "programmableproductioncom-dev-shopper-state-lock",
                            "programmableproductioncom",
                            "dev"
                        ]
                    }
                },
                "delimiter": {
                    "sensitive": false,
                    "type": "string",
                    "value": "-"
                },
                "environment": {
                    "sensitive": false,
                    "type": "string",
                    "value": ""
                },
                "id": {
                    "sensitive": false,
                    "type": "string",
                    "value": "programmableproductioncom-dev-shopper-state-lock"
                },
                "label_order": {
                    "sensitive": false,
                    "type": "list",
                    "value": [
                        "namespace",
                        "environment",
                        "stage",
                        "name",
                        "attributes"
                    ]
                },
                "name": {
                    "sensitive": false,
                    "type": "string",
                    "value": "shopper"
                },
                "namespace": {
                    "sensitive": false,
                    "type": "string",
                    "value": "programmableproductioncom"
                },
                "stage": {
                    "sensitive": false,
                    "type": "string",
                    "value": "dev"
                },
                "tags": {
                    "sensitive": false,
                    "type": "map",
                    "value": {
                        "Name": "programmableproductioncom-dev-shopper-state-lock",
                        "Namespace": "programmableproductioncom",
                        "Stage": "dev"
                    }
                },
                "tags_as_list_of_maps": {
                    "sensitive": false,
                    "type": "list",
                    "value": [
                        {
                            "key": "Name",
                            "value": "programmableproductioncom-dev-shopper-state-lock"
                        },
                        {
                            "key": "Namespace",
                            "value": "programmableproductioncom"
                        },
                        {
                            "key": "Stage",
                            "value": "dev"
                        }
                    ]
                }
            },
            "resources": {
                "data.null_data_source.tags_as_list_of_maps.0": {
                    "type": "null_data_source",
                    "depends_on": [
                        "local.enabled",
                        "local.tags"
                    ],
                    "primary": {
                        "id": "static",
                        "attributes": {
                            "has_computed_default": "default",
                            "id": "static",
                            "inputs.%": "2",
                            "inputs.key": "Name",
                            "inputs.value": "programmableproductioncom-dev-shopper-state-lock",
                            "outputs.%": "2",
                            "outputs.key": "Name",
                            "outputs.value": "programmableproductioncom-dev-shopper-state-lock",
                            "random": "447225041368671435"
                        },
                        "meta": {},
                        "tainted": false
                    },
                    "deposed": [],
                    "provider": "provider.null"
                },
                "data.null_data_source.tags_as_list_of_maps.1": {
                    "type": "null_data_source",
                    "depends_on": [
                        "local.enabled",
                        "local.tags"
                    ],
                    "primary": {
                        "id": "static",
                        "attributes": {
                            "has_computed_default": "default",
                            "id": "static",
                            "inputs.%": "2",
                            "inputs.key": "Namespace",
                            "inputs.value": "programmableproductioncom",
                            "outputs.%": "2",
                            "outputs.key": "Namespace",
                            "outputs.value": "programmableproductioncom",
                            "random": "4837188786693055212"
                        },
                        "meta": {},
                        "tainted": false
                    },
                    "deposed": [],
                    "provider": "provider.null"
                },
                "data.null_data_source.tags_as_list_of_maps.2": {
                    "type": "null_data_source",
                    "depends_on": [
                        "local.enabled",
                        "local.tags"
                    ],
                    "primary": {
                        "id": "static",
                        "attributes": {
                            "has_computed_default": "default",
                            "id": "static",
                            "inputs.%": "2",
                            "inputs.key": "Stage",
                            "inputs.value": "dev",
                            "outputs.%": "2",
                            "outputs.key": "Stage",
                            "outputs.value": "dev",
                            "random": "7945342408508440446"
                        },
                        "meta": {},
                        "tainted": false
                    },
                    "deposed": [],
                    "provider": "provider.null"
                }
            },
            "depends_on": []
        },
        {
            "path": [
                "root",
                "terraform_state_backend",
                "s3_bucket_label"
            ],
            "outputs": {
                "attributes": {
                    "sensitive": false,
                    "type": "list",
                    "value": [
                        "state"
                    ]
                },
                "context": {
                    "sensitive": false,
                    "type": "map",
                    "value": {
                        "attributes": [
                            "state"
                        ],
                        "delimiter": [
                            "-"
                        ],
                        "environment": [
                            ""
                        ],
                        "label_order": [
                            "namespace",
                            "environment",
                            "stage",
                            "name",
                            "attributes"
                        ],
                        "name": [
                            "shopper"
                        ],
                        "namespace": [
                            "programmableproductioncom"
                        ],
                        "regex_replace_chars": [
                            "/[^a-zA-Z0-9-]/"
                        ],
                        "stage": [
                            "dev"
                        ],
                        "tags_keys": [
                            "Name",
                            "Namespace",
                            "Stage"
                        ],
                        "tags_values": [
                            "programmableproductioncom-dev-shopper-state",
                            "programmableproductioncom",
                            "dev"
                        ]
                    }
                },
                "delimiter": {
                    "sensitive": false,
                    "type": "string",
                    "value": "-"
                },
                "environment": {
                    "sensitive": false,
                    "type": "string",
                    "value": ""
                },
                "id": {
                    "sensitive": false,
                    "type": "string",
                    "value": "programmableproductioncom-dev-shopper-state"
                },
                "label_order": {
                    "sensitive": false,
                    "type": "list",
                    "value": [
                        "namespace",
                        "environment",
                        "stage",
                        "name",
                        "attributes"
                    ]
                },
                "name": {
                    "sensitive": false,
                    "type": "string",
                    "value": "shopper"
                },
                "namespace": {
                    "sensitive": false,
                    "type": "string",
                    "value": "programmableproductioncom"
                },
                "stage": {
                    "sensitive": false,
                    "type": "string",
                    "value": "dev"
                },
                "tags": {
                    "sensitive": false,
                    "type": "map",
                    "value": {
                        "Name": "programmableproductioncom-dev-shopper-state",
                        "Namespace": "programmableproductioncom",
                        "Stage": "dev"
                    }
                },
                "tags_as_list_of_maps": {
                    "sensitive": false,
                    "type": "list",
                    "value": [
                        {
                            "key": "Name",
                            "value": "programmableproductioncom-dev-shopper-state"
                        },
                        {
                            "key": "Namespace",
                            "value": "programmableproductioncom"
                        },
                        {
                            "key": "Stage",
                            "value": "dev"
                        }
                    ]
                }
            },
            "resources": {
                "data.null_data_source.tags_as_list_of_maps.0": {
                    "type": "null_data_source",
                    "depends_on": [
                        "local.enabled",
                        "local.tags"
                    ],
                    "primary": {
                        "id": "static",
                        "attributes": {
                            "has_computed_default": "default",
                            "id": "static",
                            "inputs.%": "2",
                            "inputs.key": "Name",
                            "inputs.value": "programmableproductioncom-dev-shopper-state",
                            "outputs.%": "2",
                            "outputs.key": "Name",
                            "outputs.value": "programmableproductioncom-dev-shopper-state",
                            "random": "1742846415643041527"
                        },
                        "meta": {},
                        "tainted": false
                    },
                    "deposed": [],
                    "provider": "provider.null"
                },
                "data.null_data_source.tags_as_list_of_maps.1": {
                    "type": "null_data_source",
                    "depends_on": [
                        "local.enabled",
                        "local.tags"
                    ],
                    "primary": {
                        "id": "static",
                        "attributes": {
                            "has_computed_default": "default",
                            "id": "static",
                            "inputs.%": "2",
                            "inputs.key": "Namespace",
                            "inputs.value": "programmableproductioncom",
                            "outputs.%": "2",
                            "outputs.key": "Namespace",
                            "outputs.value": "programmableproductioncom",
                            "random": "8614246326974181873"
                        },
                        "meta": {},
                        "tainted": false
                    },
                    "deposed": [],
                    "provider": "provider.null"
                },
                "data.null_data_source.tags_as_list_of_maps.2": {
                    "type": "null_data_source",
                    "depends_on": [
                        "local.enabled",
                        "local.tags"
                    ],
                    "primary": {
                        "id": "static",
                        "attributes": {
                            "has_computed_default": "default",
                            "id": "static",
                            "inputs.%": "2",
                            "inputs.key": "Stage",
                            "inputs.value": "dev",
                            "outputs.%": "2",
                            "outputs.key": "Stage",
                            "outputs.value": "dev",
                            "random": "2648597008652985740"
                        },
                        "meta": {},
                        "tainted": false
                    },
                    "deposed": [],
                    "provider": "provider.null"
                }
            },
            "depends_on": []
        }
    ]
}
