{
    "version": 3,
    "terraform_version": "0.11.14",
    "serial": 35,
    "lineage": "39bca71e-9832-4830-3690-981d992ba45a",
    "modules": [
        {
            "path": [
                "root"
            ],
            "outputs": {
                "lambda_function_arn": {
                    "sensitive": false,
                    "type": "string",
                    "value": "arn:aws:lambda:eu-west-3:564310944516:function:tiingo_scheduler"
                },
                "lambda_function_name": {
                    "sensitive": false,
                    "type": "string",
                    "value": "tiingo_scheduler"
                },
                "region": {
                    "sensitive": false,
                    "type": "string",
                    "value": "eu-west-3"
                },
                "s3_bucket_name": {
                    "sensitive": false,
                    "type": "string",
                    "value": "market-data-p3jnkzi1"
                },
                "sqs_queue_name": {
                    "sensitive": false,
                    "type": "string",
                    "value": "tiingo_fetch-p3jnkzi1"
                }
            },
            "resources": {
                "aws_s3_bucket.test_tiingo": {
                    "type": "aws_s3_bucket",
                    "depends_on": [
                        "local.region",
                        "random_string.test"
                    ],
                    "primary": {
                        "id": "market-data-p3jnkzi1",
                        "attributes": {
                            "acceleration_status": "",
                            "acl": "private",
                            "arn": "arn:aws:s3:::market-data-p3jnkzi1",
                            "bucket": "market-data-p3jnkzi1",
                            "bucket_domain_name": "market-data-p3jnkzi1.s3.amazonaws.com",
                            "bucket_regional_domain_name": "market-data-p3jnkzi1.s3.eu-west-3.amazonaws.com",
                            "cors_rule.#": "0",
                            "force_destroy": "false",
                            "hosted_zone_id": "Z3R1K369G5AVDG",
                            "id": "market-data-p3jnkzi1",
                            "lifecycle_rule.#": "0",
                            "logging.#": "0",
                            "object_lock_configuration.#": "0",
                            "region": "eu-west-3",
                            "replication_configuration.#": "0",
                            "request_payer": "BucketOwner",
                            "server_side_encryption_configuration.#": "0",
                            "tags.%": "0",
                            "versioning.#": "1",
                            "versioning.0.enabled": "false",
                            "versioning.0.mfa_delete": "false",
                            "website.#": "0"
                        },
                        "meta": {},
                        "tainted": false
                    },
                    "deposed": [],
                    "provider": "provider.aws"
                },
                "aws_s3_bucket_object.tiingo_ticker_csv": {
                    "type": "aws_s3_bucket_object",
                    "depends_on": [
                        "aws_s3_bucket.test_tiingo"
                    ],
                    "primary": {
                        "id": "static/tiingo_tickers.csv",
                        "attributes": {
                            "acl": "private",
                            "bucket": "market-data-p3jnkzi1",
                            "cache_control": "",
                            "content_disposition": "",
                            "content_encoding": "",
                            "content_language": "",
                            "content_type": "binary/octet-stream",
                            "etag": "b059901b4b15f86190dea8b6bd22409f",
                            "id": "static/tiingo_tickers.csv",
                            "key": "static/tiingo_tickers.csv",
                            "server_side_encryption": "",
                            "source": "supported_tickers.csv",
                            "storage_class": "STANDARD",
                            "tags.%": "0",
                            "version_id": "",
                            "website_redirect": ""
                        },
                        "meta": {},
                        "tainted": false
                    },
                    "deposed": [],
                    "provider": "provider.aws"
                },
                "aws_sqs_queue.test_tiingo": {
                    "type": "aws_sqs_queue",
                    "depends_on": [
                        "random_string.test"
                    ],
                    "primary": {
                        "id": "https://sqs.eu-west-3.amazonaws.com/564310944516/tiingo_fetch-p3jnkzi1",
                        "attributes": {
                            "arn": "arn:aws:sqs:eu-west-3:564310944516:tiingo_fetch-p3jnkzi1",
                            "content_based_deduplication": "false",
                            "delay_seconds": "0",
                            "fifo_queue": "false",
                            "id": "https://sqs.eu-west-3.amazonaws.com/564310944516/tiingo_fetch-p3jnkzi1",
                            "kms_data_key_reuse_period_seconds": "300",
                            "kms_master_key_id": "",
                            "max_message_size": "262144",
                            "message_retention_seconds": "345600",
                            "name": "tiingo_fetch-p3jnkzi1",
                            "policy": "",
                            "receive_wait_time_seconds": "20",
                            "redrive_policy": "",
                            "tags.%": "0",
                            "visibility_timeout_seconds": "300"
                        },
                        "meta": {},
                        "tainted": false
                    },
                    "deposed": [],
                    "provider": "provider.aws"
                },
                "random_string.test": {
                    "type": "random_string",
                    "depends_on": [],
                    "primary": {
                        "id": "none",
                        "attributes": {
                            "id": "none",
                            "length": "8",
                            "lower": "true",
                            "min_lower": "0",
                            "min_numeric": "0",
                            "min_special": "0",
                            "min_upper": "0",
                            "number": "true",
                            "override_special": "-",
                            "result": "p3jNkZI1",
                            "special": "true",
                            "upper": "true"
                        },
                        "meta": {
                            "schema_version": "1"
                        },
                        "tainted": false
                    },
                    "deposed": [],
                    "provider": "provider.random"
                }
            },
            "depends_on": []
        },
        {
            "path": [
                "root",
                "tiingo_scheduler"
            ],
            "outputs": {
                "function_name": {
                    "sensitive": false,
                    "type": "string",
                    "value": "tiingo_scheduler"
                },
                "lambda_arn": {
                    "sensitive": false,
                    "type": "string",
                    "value": "arn:aws:lambda:eu-west-3:564310944516:function:tiingo_scheduler"
                }
            },
            "resources": {
                "aws_cloudwatch_event_rule.Every_day_HK_8pm": {
                    "type": "aws_cloudwatch_event_rule",
                    "depends_on": [],
                    "primary": {
                        "id": "Monday_to_Friday_8pm_HKT",
                        "attributes": {
                            "arn": "arn:aws:events:eu-west-3:564310944516:rule/Monday_to_Friday_8pm_HKT",
                            "description": "Monday to Friday 8pm HKT",
                            "id": "Monday_to_Friday_8pm_HKT",
                            "is_enabled": "true",
                            "name": "Monday_to_Friday_8pm_HKT",
                            "role_arn": "",
                            "schedule_expression": "cron(0 12 ? * TUE-SAT *)",
                            "tags.%": "0"
                        },
                        "meta": {},
                        "tainted": false
                    },
                    "deposed": [],
                    "provider": "provider.aws"
                },
                "aws_cloudwatch_event_target.run_tiingo_scheduler_Every_day_HK_8pm": {
                    "type": "aws_cloudwatch_event_target",
                    "depends_on": [
                        "aws_cloudwatch_event_rule.Every_day_HK_8pm",
                        "aws_lambda_function.tiingo_scheduler_lambda_function"
                    ],
                    "primary": {
                        "id": "Monday_to_Friday_8pm_HKT-Load_HK_Market_Data",
                        "attributes": {
                            "arn": "arn:aws:lambda:eu-west-3:564310944516:function:tiingo_scheduler",
                            "id": "Monday_to_Friday_8pm_HKT-Load_HK_Market_Data",
                            "input": "[{\"exchange\": \"SHE\"}, {\"exchange\": \"SHG\"}]",
                            "input_path": "",
                            "role_arn": "",
                            "rule": "Monday_to_Friday_8pm_HKT",
                            "target_id": "Load_HK_Market_Data"
                        },
                        "meta": {},
                        "tainted": false
                    },
                    "deposed": [],
                    "provider": "provider.aws"
                },
                "aws_iam_policy.bloomberg_lambda": {
                    "type": "aws_iam_policy",
                    "depends_on": [
                        "data.aws_iam_policy_document.tiingo_scheduler_lambda"
                    ],
                    "primary": {
                        "id": "arn:aws:iam::564310944516:policy/terraform-20190613145817097500000002",
                        "attributes": {
                            "arn": "arn:aws:iam::564310944516:policy/terraform-20190613145817097500000002",
                            "description": "",
                            "id": "arn:aws:iam::564310944516:policy/terraform-20190613145817097500000002",
                            "name": "terraform-20190613145817097500000002",
                            "path": "/",
                            "policy": "{\n  \"Version\": \"2012-10-17\",\n  \"Statement\": [\n    {\n      \"Sid\": \"AllowSQSPermissions\",\n      \"Effect\": \"Allow\",\n      \"Action\": [\n        \"sqs:SendMessageBatch\",\n        \"sqs:SendMessage\",\n        \"sqs:GetQueueUrl\",\n        \"sqs:GetQueueAttributes\",\n        \"sqs:ChangeMessageVisibility\"\n      ],\n      \"Resource\": \"arn:aws:sqs:*\"\n    },\n    {\n      \"Sid\": \"AllowInvokingLambdas\",\n      \"Effect\": \"Allow\",\n      \"Action\": \"lambda:InvokeFunction\",\n      \"Resource\": \"arn:aws:lambda:eu-west-3:*:function:*\"\n    },\n    {\n      \"Sid\": \"AllowCreatingLogGroups\",\n      \"Effect\": \"Allow\",\n      \"Action\": \"logs:CreateLogGroup\",\n      \"Resource\": \"arn:aws:logs:eu-west-3:*:*\"\n    },\n    {\n      \"Sid\": \"AllowWritingLogs\",\n      \"Effect\": \"Allow\",\n      \"Action\": [\n        \"logs:PutLogEvents\",\n        \"logs:CreateLogStream\"\n      ],\n      \"Resource\": \"arn:aws:logs:eu-west-3:*:log-group:/aws/lambda/*:*\"\n    },\n    {\n      \"Sid\": \"AllowS3Access\",\n      \"Effect\": \"Allow\",\n      \"Action\": \"s3:*\",\n      \"Resource\": [\n        \"arn:aws:s3:::market-data-p3jnkzi1/*\",\n        \"arn:aws:s3:::market-data-p3jnkzi1\"\n      ]\n    }\n  ]\n}"
                        },
                        "meta": {},
                        "tainted": false
                    },
                    "deposed": [],
                    "provider": "provider.aws"
                },
                "aws_iam_role.tiingo_scheduler_lambda": {
                    "type": "aws_iam_role",
                    "depends_on": [],
                    "primary": {
                        "id": "terraform-20190613145802762500000001",
                        "attributes": {
                            "arn": "arn:aws:iam::564310944516:role/terraform-20190613145802762500000001",
                            "assume_role_policy": "{\"Version\":\"2012-10-17\",\"Statement\":[{\"Effect\":\"Allow\",\"Principal\":{\"Service\":\"lambda.amazonaws.com\"},\"Action\":\"sts:AssumeRole\"}]}",
                            "create_date": "2019-06-13T14:58:03Z",
                            "description": "",
                            "force_detach_policies": "false",
                            "id": "terraform-20190613145802762500000001",
                            "max_session_duration": "3600",
                            "name": "terraform-20190613145802762500000001",
                            "path": "/",
                            "tags.%": "0",
                            "unique_id": "AROAYGY4NVMCPA6HPKURG"
                        },
                        "meta": {},
                        "tainted": false
                    },
                    "deposed": [],
                    "provider": "provider.aws"
                },
                "aws_iam_role_policy_attachment.tiingo_scheduler_lambda": {
                    "type": "aws_iam_role_policy_attachment",
                    "depends_on": [
                        "aws_iam_policy.bloomberg_lambda",
                        "aws_iam_role.tiingo_scheduler_lambda"
                    ],
                    "primary": {
                        "id": "terraform-20190613145802762500000001-20190613145821113100000003",
                        "attributes": {
                            "id": "terraform-20190613145802762500000001-20190613145821113100000003",
                            "policy_arn": "arn:aws:iam::564310944516:policy/terraform-20190613145817097500000002",
                            "role": "terraform-20190613145802762500000001"
                        },
                        "meta": {},
                        "tainted": false
                    },
                    "deposed": [],
                    "provider": "provider.aws"
                },
                "aws_lambda_function.tiingo_scheduler_lambda_function": {
                    "type": "aws_lambda_function",
                    "depends_on": [
                        "aws_iam_role.tiingo_scheduler_lambda",
                        "local.module_name",
                        "local.zip_file_path"
                    ],
                    "primary": {
                        "id": "tiingo_scheduler",
                        "attributes": {
                            "arn": "arn:aws:lambda:eu-west-3:564310944516:function:tiingo_scheduler",
                            "dead_letter_config.#": "0",
                            "description": "",
                            "environment.#": "1",
                            "environment.0.variables.%": "4",
                            "environment.0.variables.AWS_S3_BUCKET": "market-data-p3jnkzi1",
                            "environment.0.variables.LAMBDA_LOGGING_LEVEL": "DEBUG",
                            "environment.0.variables.TIINGO_FETCHER_QUEUE": "tiingo_fetch-p3jnkzi1",
                            "environment.0.variables.TIINGO_TICKERS_FILE": "static/tiingo_tickers.csv",
                            "filename": "../../../shopper/packages/tiingo_scheduler.0.1.5afeb0a.zip",
                            "function_name": "tiingo_scheduler",
                            "handler": "tiingo_scheduler.handler.handler",
                            "id": "tiingo_scheduler",
                            "invoke_arn": "arn:aws:apigateway:eu-west-3:lambda:path/2015-03-31/functions/arn:aws:lambda:eu-west-3:564310944516:function:tiingo_scheduler/invocations",
                            "kms_key_arn": "",
                            "last_modified": "2019-06-13T14:58:30.534+0000",
                            "layers.#": "0",
                            "memory_size": "128",
                            "publish": "false",
                            "qualified_arn": "arn:aws:lambda:eu-west-3:564310944516:function:tiingo_scheduler:$LATEST",
                            "reserved_concurrent_executions": "-1",
                            "role": "arn:aws:iam::564310944516:role/terraform-20190613145802762500000001",
                            "runtime": "python3.7",
                            "source_code_hash": "6BCvO+GfB+AVZfy0k2Zo6IFj9QiUzKHJo6si8Bq/v8Q=",
                            "source_code_size": "12303168",
                            "tags.%": "1",
                            "tags.version": "0.1.5afeb0a",
                            "timeout": "300",
                            "tracing_config.#": "1",
                            "tracing_config.0.mode": "PassThrough",
                            "version": "$LATEST",
                            "vpc_config.#": "0"
                        },
                        "meta": {
                            "e2bfb730-ecaa-11e6-8f88-34363bc7c4c0": {
                                "create": 600000000000
                            }
                        },
                        "tainted": false
                    },
                    "deposed": [],
                    "provider": "provider.aws"
                },
                "aws_lambda_permission.allow_cloudwatch_to_call_tiingo_scheduler": {
                    "type": "aws_lambda_permission",
                    "depends_on": [
                        "aws_cloudwatch_event_rule.Every_day_HK_8pm",
                        "aws_lambda_function.tiingo_scheduler_lambda_function"
                    ],
                    "primary": {
                        "id": "AllowExecutionFromCloudWatch",
                        "attributes": {
                            "action": "lambda:InvokeFunction",
                            "function_name": "tiingo_scheduler",
                            "id": "AllowExecutionFromCloudWatch",
                            "principal": "events.amazonaws.com",
                            "qualifier": "",
                            "source_arn": "arn:aws:events:eu-west-3:564310944516:rule/Monday_to_Friday_8pm_HKT",
                            "statement_id": "AllowExecutionFromCloudWatch"
                        },
                        "meta": {},
                        "tainted": false
                    },
                    "deposed": [],
                    "provider": "provider.aws"
                },
                "data.aws_iam_policy_document.tiingo_scheduler_lambda": {
                    "type": "aws_iam_policy_document",
                    "depends_on": [],
                    "primary": {
                        "id": "2066910119",
                        "attributes": {
                            "id": "2066910119",
                            "json": "{\n  \"Version\": \"2012-10-17\",\n  \"Statement\": [\n    {\n      \"Sid\": \"AllowSQSPermissions\",\n      \"Effect\": \"Allow\",\n      \"Action\": [\n        \"sqs:SendMessageBatch\",\n        \"sqs:SendMessage\",\n        \"sqs:GetQueueUrl\",\n        \"sqs:GetQueueAttributes\",\n        \"sqs:ChangeMessageVisibility\"\n      ],\n      \"Resource\": \"arn:aws:sqs:*\"\n    },\n    {\n      \"Sid\": \"AllowInvokingLambdas\",\n      \"Effect\": \"Allow\",\n      \"Action\": \"lambda:InvokeFunction\",\n      \"Resource\": \"arn:aws:lambda:eu-west-3:*:function:*\"\n    },\n    {\n      \"Sid\": \"AllowCreatingLogGroups\",\n      \"Effect\": \"Allow\",\n      \"Action\": \"logs:CreateLogGroup\",\n      \"Resource\": \"arn:aws:logs:eu-west-3:*:*\"\n    },\n    {\n      \"Sid\": \"AllowWritingLogs\",\n      \"Effect\": \"Allow\",\n      \"Action\": [\n        \"logs:PutLogEvents\",\n        \"logs:CreateLogStream\"\n      ],\n      \"Resource\": \"arn:aws:logs:eu-west-3:*:log-group:/aws/lambda/*:*\"\n    },\n    {\n      \"Sid\": \"AllowS3Access\",\n      \"Effect\": \"Allow\",\n      \"Action\": \"s3:*\",\n      \"Resource\": [\n        \"arn:aws:s3:::market-data-p3jnkzi1/*\",\n        \"arn:aws:s3:::market-data-p3jnkzi1\"\n      ]\n    }\n  ]\n}",
                            "statement.#": "5",
                            "statement.0.actions.#": "5",
                            "statement.0.actions.1314189779": "sqs:SendMessageBatch",
                            "statement.0.actions.2177453935": "sqs:GetQueueAttributes",
                            "statement.0.actions.2500619403": "sqs:SendMessage",
                            "statement.0.actions.361714279": "sqs:GetQueueUrl",
                            "statement.0.actions.3755142398": "sqs:ChangeMessageVisibility",
                            "statement.0.condition.#": "0",
                            "statement.0.effect": "Allow",
                            "statement.0.not_actions.#": "0",
                            "statement.0.not_principals.#": "0",
                            "statement.0.not_resources.#": "0",
                            "statement.0.principals.#": "0",
                            "statement.0.resources.#": "1",
                            "statement.0.resources.1381901260": "arn:aws:sqs:*",
                            "statement.0.sid": "AllowSQSPermissions",
                            "statement.1.actions.#": "1",
                            "statement.1.actions.3363766922": "lambda:InvokeFunction",
                            "statement.1.condition.#": "0",
                            "statement.1.effect": "Allow",
                            "statement.1.not_actions.#": "0",
                            "statement.1.not_principals.#": "0",
                            "statement.1.not_resources.#": "0",
                            "statement.1.principals.#": "0",
                            "statement.1.resources.#": "1",
                            "statement.1.resources.989289776": "arn:aws:lambda:eu-west-3:*:function:*",
                            "statement.1.sid": "AllowInvokingLambdas",
                            "statement.2.actions.#": "1",
                            "statement.2.actions.2809485102": "logs:CreateLogGroup",
                            "statement.2.condition.#": "0",
                            "statement.2.effect": "Allow",
                            "statement.2.not_actions.#": "0",
                            "statement.2.not_principals.#": "0",
                            "statement.2.not_resources.#": "0",
                            "statement.2.principals.#": "0",
                            "statement.2.resources.#": "1",
                            "statement.2.resources.4159847644": "arn:aws:logs:eu-west-3:*:*",
                            "statement.2.sid": "AllowCreatingLogGroups",
                            "statement.3.actions.#": "2",
                            "statement.3.actions.3285979848": "logs:CreateLogStream",
                            "statement.3.actions.39743051": "logs:PutLogEvents",
                            "statement.3.condition.#": "0",
                            "statement.3.effect": "Allow",
                            "statement.3.not_actions.#": "0",
                            "statement.3.not_principals.#": "0",
                            "statement.3.not_resources.#": "0",
                            "statement.3.principals.#": "0",
                            "statement.3.resources.#": "1",
                            "statement.3.resources.1171112529": "arn:aws:logs:eu-west-3:*:log-group:/aws/lambda/*:*",
                            "statement.3.sid": "AllowWritingLogs",
                            "statement.4.actions.#": "1",
                            "statement.4.actions.1834123015": "s3:*",
                            "statement.4.condition.#": "0",
                            "statement.4.effect": "Allow",
                            "statement.4.not_actions.#": "0",
                            "statement.4.not_principals.#": "0",
                            "statement.4.not_resources.#": "0",
                            "statement.4.principals.#": "0",
                            "statement.4.resources.#": "2",
                            "statement.4.resources.2029699021": "arn:aws:s3:::market-data-p3jnkzi1",
                            "statement.4.resources.2702984123": "arn:aws:s3:::market-data-p3jnkzi1/*",
                            "statement.4.sid": "AllowS3Access",
                            "version": "2012-10-17"
                        },
                        "meta": {},
                        "tainted": false
                    },
                    "deposed": [],
                    "provider": "provider.aws"
                }
            },
            "depends_on": []
        }
    ]
}
